
Microsoft Visual Studio Solution File, Format Version 12.00
Project("{FAE04EC0-301F-11D3-BF4B-00C04F79EFBC}") = "WPFAppTask", "WPFAppTask\WPFAppTask.csproj", "{E7CC73C4-B562-4A79-96F5-B0658D6DEAFF}"
EndProject
Global
	GlobalSection(SolutionConfigurationPlatforms) = preSolution
		Debug|Any CPU = Debug|Any CPU
		Release|Any CPU = Release|Any CPU
	EndGlobalSection
	GlobalSection(ProjectConfigurationPlatforms) = postSolution
		{E7CC73C4-B562-4A79-96F5-B0658D6DEAFF}.Debug|Any CPU.ActiveCfg = Debug|Any CPU
		{E7CC73C4-B562-4A79-96F5-B0658D6DEAFF}.Debug|Any CPU.Build.0 = Debug|Any CPU
		{E7CC73C4-B562-4A79-96F5-B0658D6DEAFF}.Release|Any CPU.ActiveCfg = Release|Any CPU
		{E7CC73C4-B562-4A79-96F5-B0658D6DEAFF}.Release|Any CPU.Build.0 = Release|Any CPU
	EndGlobalSection
EndGlobal
